
Microsoft Visual Studio Solution File, Format Version 12.00
# Visual Studio Version 16
VisualStudioVersion = 16.0.32510.428
MinimumVisualStudioVersion = 10.0.40219.1
Project("{FAE04EC0-301F-11D3-BF4B-00C04F79EFBC}") = "SNTProxifier", "SNTProxifier\SNTProxifier.csproj", "{277FCC1F-B31B-4E92-BDA4-2D924ADBAEF1}"
EndProject
Global
	GlobalSection(SolutionConfigurationPlatforms) = preSolution
		Debug|Any CPU = Debug|Any CPU
		Release|Any CPU = Release|Any CPU
	EndGlobalSection
	GlobalSection(ProjectConfigurationPlatforms) = postSolution
		{277FCC1F-B31B-4E92-BDA4-2D924ADBAEF1}.Debug|Any CPU.ActiveCfg = Debug|Any CPU
		{277FCC1F-B31B-4E92-BDA4-2D924ADBAEF1}.Debug|Any CPU.Build.0 = Debug|Any CPU
		{277FCC1F-B31B-4E92-BDA4-2D924ADBAEF1}.Release|Any CPU.ActiveCfg = Release|Any CPU
		{277FCC1F-B31B-4E92-BDA4-2D924ADBAEF1}.Release|Any CPU.Build.0 = Release|Any CPU
	EndGlobalSection
	GlobalSection(SolutionProperties) = preSolution
		HideSolutionNode = FALSE
	EndGlobalSection
	GlobalSection(ExtensibilityGlobals) = postSolution
		SolutionGuid = {2C2C61CA-9193-486C-A986-9A0585AFEDE9}
	EndGlobalSection
EndGlobal
